schema: '2.0'
stages:
  data_ingestion:
    cmd: python .\src\data\data_ingestion.py
    deps:
    - path: .\src\data\data_ingestion.py
      hash: md5
      md5: 12a6850b592c869df8a4114f31b4ab2f
      size: 3977
    outs:
    - path: data\raw
      hash: md5
      md5: fb326d2eec197669f9638afde28356bf.dir
      size: 827973
      nfiles: 2
  data_preprocessing:
    cmd: python .\src\data\data_preprocessing.py
    deps:
    - path: .\data\raw
      hash: md5
      md5: fb326d2eec197669f9638afde28356bf.dir
      size: 827973
      nfiles: 2
    - path: .\src\data\data_preprocessing.py
      hash: md5
      md5: bdbd069f7946c6e6cb0c7ea20634ce96
      size: 6413
    outs:
    - path: data\interim
      hash: md5
      md5: 88ef4a4e21b93d47bc97c209998d667a.dir
      size: 566210
      nfiles: 2
  feature_engg:
    cmd: python .\src\features\feature_engineering.py
    deps:
    - path: .\data\interim
      hash: md5
      md5: 88ef4a4e21b93d47bc97c209998d667a.dir
      size: 566210
      nfiles: 2
    - path: .\src\features\feature_engineering.py
      hash: md5
      md5: 6fe6a7c732d26fcb462a55903f2e0e33
      size: 5064
    outs:
    - path: .\data\processed
      hash: md5
      md5: 7ca69f0852dc8a5cd0fccec9d450dd11.dir
      size: 2328492
      nfiles: 2
  model_building:
    cmd: python .\src\model\model_building.py
    deps:
    - path: .\data\processed
      hash: md5
      md5: 7ca69f0852dc8a5cd0fccec9d450dd11.dir
      size: 2328492
      nfiles: 2
    - path: .\src\model\model_building.py
      hash: md5
      md5: 38611870bc5c8d13be2bcfce4c4df438
      size: 2741
    outs:
    - path: .\models\model.pkl
      hash: md5
      md5: f4a1ddd89a80e9845e17d58ea9c361f6
      size: 70825
  model_evaluation:
    cmd: python .\src\model\model_evaluation.py
    deps:
    - path: .\data\processed\test_Tfidf.csv
      hash: md5
      md5: 95910ee69c2d0fa4787aa567167a64b3
      size: 465303
    - path: .\models\model.pkl
      hash: md5
      md5: f4a1ddd89a80e9845e17d58ea9c361f6
      size: 70825
    - path: .\src\model\model_evaluation.py
      hash: md5
      md5: 79119c2d8f23808a8d95962bf35680b3
      size: 3179
    outs:
    - path: .\reports\metrics.json
      hash: md5
      md5: 0483883e2739d95b3747b66178e2317d
      size: 145
